
Microsoft Visual Studio Solution File, Format Version 12.00
# Visual Studio 14
VisualStudioVersion = 14.0.24720.0
MinimumVisualStudioVersion = 10.0.40219.1
Project("{FAE04EC0-301F-11D3-BF4B-00C04F79EFBC}") = "WpfDependencyInjection", "WpfPractiseApplication\WpfDependencyInjection.csproj", "{443ED089-FEF7-41DE-BC0F-5BCB46C051A5}"
EndProject
Project("{FAE04EC0-301F-11D3-BF4B-00C04F79EFBC}") = "WpfDependencyInjectionTests", "WpfPractiseApplicationTests\WpfDependencyInjectionTests.csproj", "{05FD9A24-B596-48F1-9CCC-69772B1166E4}"
EndProject
Global
	GlobalSection(SolutionConfigurationPlatforms) = preSolution
		Debug|Any CPU = Debug|Any CPU
		Release|Any CPU = Release|Any CPU
	EndGlobalSection
	GlobalSection(ProjectConfigurationPlatforms) = postSolution
		{443ED089-FEF7-41DE-BC0F-5BCB46C051A5}.Debug|Any CPU.ActiveCfg = Debug|Any CPU
		{443ED089-FEF7-41DE-BC0F-5BCB46C051A5}.Debug|Any CPU.Build.0 = Debug|Any CPU
		{443ED089-FEF7-41DE-BC0F-5BCB46C051A5}.Release|Any CPU.ActiveCfg = Release|Any CPU
		{443ED089-FEF7-41DE-BC0F-5BCB46C051A5}.Release|Any CPU.Build.0 = Release|Any CPU
		{05FD9A24-B596-48F1-9CCC-69772B1166E4}.Debug|Any CPU.ActiveCfg = Debug|Any CPU
		{05FD9A24-B596-48F1-9CCC-69772B1166E4}.Debug|Any CPU.Build.0 = Debug|Any CPU
		{05FD9A24-B596-48F1-9CCC-69772B1166E4}.Release|Any CPU.ActiveCfg = Release|Any CPU
		{05FD9A24-B596-48F1-9CCC-69772B1166E4}.Release|Any CPU.Build.0 = Release|Any CPU
	EndGlobalSection
	GlobalSection(SolutionProperties) = preSolution
		HideSolutionNode = FALSE
	EndGlobalSection
EndGlobal
